// !$*UTF8*$!
{
	archiveVersion = 1;
	classes = {
	};
	objectVersion = 52;
	objects = {

/* Begin PBXBuildFile section */
		23F53D1D254620980060AE79 /* AppDelegate.swift in Sources */ = {isa = PBXBuildFile; fileRef = 23F53D1C254620980060AE79 /* AppDelegate.swift */; };
		23F53D1F254620980060AE79 /* ViewController.swift in Sources */ = {isa = PBXBuildFile; fileRef = 23F53D1E254620980060AE79 /* ViewController.swift */; };
		23F53D21254620980060AE79 /* Assets.xcassets in Resources */ = {isa = PBXBuildFile; fileRef = 23F53D20254620980060AE79 /* Assets.xcassets */; };
		23F53D24254620980060AE79 /* Main.storyboard in Resources */ = {isa = PBXBuildFile; fileRef = 23F53D22254620980060AE79 /* Main.storyboard */; };
		23F53D33254620CB0060AE79 /* DSFSearchField in Frameworks */ = {isa = PBXBuildFile; productRef = 23F53D32254620CB0060AE79 /* DSFSearchField */; };
/* End PBXBuildFile section */

/* Begin PBXFileReference section */
		23F53D19254620980060AE79 /* DSFSearchField Demo.app */ = {isa = PBXFileReference; explicitFileType = wrapper.application; includeInIndex = 0; path = "DSFSearchField Demo.app"; sourceTree = BUILT_PRODUCTS_DIR; };
		23F53D1C254620980060AE79 /* AppDelegate.swift */ = {isa = PBXFileReference; lastKnownFileType = sourcecode.swift; path = AppDelegate.swift; sourceTree = "<group>"; };
		23F53D1E254620980060AE79 /* ViewController.swift */ = {isa = PBXFileReference; lastKnownFileType = sourcecode.swift; path = ViewController.swift; sourceTree = "<group>"; };
		23F53D20254620980060AE79 /* Assets.xcassets */ = {isa = PBXFileReference; lastKnownFileType = folder.assetcatalog; path = Assets.xcassets; sourceTree = "<group>"; };
		23F53D23254620980060AE79 /* Base */ = {isa = PBXFileReference; lastKnownFileType = file.storyboard; name = Base; path = Base.lproj/Main.storyboard; sourceTree = "<group>"; };
		23F53D25254620980060AE79 /* Info.plist */ = {isa = PBXFileReference; lastKnownFileType = text.plist.xml; path = Info.plist; sourceTree = "<group>"; };
		23F53D26254620980060AE79 /* DSFSearchField_Demo.entitlements */ = {isa = PBXFileReference; lastKnownFileType = text.plist.entitlements; path = DSFSearchField_Demo.entitlements; sourceTree = "<group>"; };
		23F53D2D254620AD0060AE79 /* DSFSearchField */ = {isa = PBXFileReference; lastKnownFileType = folder; name = DSFSearchField; path = ../..; sourceTree = "<group>"; };
/* End PBXFileReference section */

/* Begin PBXFrameworksBuildPhase section */
		23F53D16254620980060AE79 /* Frameworks */ = {
			isa = PBXFrameworksBuildPhase;
			buildActionMask = 2147483647;
			files = (
				23F53D33254620CB0060AE79 /* DSFSearchField in Frameworks */,
			);
			runOnlyForDeploymentPostprocessing = 0;
		};
/* End PBXFrameworksBuildPhase section */

/* Begin PBXGroup section */
		23F53D10254620980060AE79 = {
			isa = PBXGroup;
			children = (
				23F53D2D254620AD0060AE79 /* DSFSearchField */,
				23F53D1B254620980060AE79 /* DSFSearchField Demo */,
				23F53D1A254620980060AE79 /* Products */,
				23F53D31254620CB0060AE79 /* Frameworks */,
			);
			sourceTree = "<group>";
		};
		23F53D1A254620980060AE79 /* Products */ = {
			isa = PBXGroup;
			children = (
				23F53D19254620980060AE79 /* DSFSearchField Demo.app */,
			);
			name = Products;
			sourceTree = "<group>";
		};
		23F53D1B254620980060AE79 /* DSFSearchField Demo */ = {
			isa = PBXGroup;
			children = (
				23F53D1C254620980060AE79 /* AppDelegate.swift */,
				23F53D1E254620980060AE79 /* ViewController.swift */,
				23F53D20254620980060AE79 /* Assets.xcassets */,
				23F53D22254620980060AE79 /* Main.storyboard */,
				23F53D25254620980060AE79 /* Info.plist */,
				23F53D26254620980060AE79 /* DSFSearchField_Demo.entitlements */,
			);
			path = "DSFSearchField Demo";
			sourceTree = "<group>";
		};
		23F53D31254620CB0060AE79 /* Frameworks */ = {
			isa = PBXGroup;
			children = (
			);
			name = Frameworks;
			sourceTree = "<group>";
		};
/* End PBXGroup section */

/* Begin PBXNativeTarget section */
		23F53D18254620980060AE79 /* DSFSearchField Demo */ = {
			isa = PBXNativeTarget;
			buildConfigurationList = 23F53D29254620980060AE79 /* Build configuration list for PBXNativeTarget "DSFSearchField Demo" */;
			buildPhases = (
				23F53D15254620980060AE79 /* Sources */,
				23F53D16254620980060AE79 /* Frameworks */,
				23F53D17254620980060AE79 /* Resources */,
			);
			buildRules = (
			);
			dependencies = (
				23F53D30254620C50060AE79 /* PBXTargetDependency */,
			);
			name = "DSFSearchField Demo";
			packageProductDependencies = (
				23F53D32254620CB0060AE79 /* DSFSearchField */,
			);
			productName = "DSFSearchField Demo";
			productReference = 23F53D19254620980060AE79 /* DSFSearchField Demo.app */;
			productType = "com.apple.product-type.application";
		};
/* End PBXNativeTarget section */

/* Begin PBXProject section */
		23F53D11254620980060AE79 /* Project object */ = {
			isa = PBXProject;
			attributes = {
				LastSwiftUpdateCheck = 1220;
				LastUpgradeCheck = 1220;
				TargetAttributes = {
					23F53D18254620980060AE79 = {
						CreatedOnToolsVersion = 12.2;
					};
				};
			};
			buildConfigurationList = 23F53D14254620980060AE79 /* Build configuration list for PBXProject "DSFSearchField Demo" */;
			compatibilityVersion = "Xcode 9.3";
			developmentRegion = en;
			hasScannedForEncodings = 0;
			knownRegions = (
				en,
				Base,
			);
			mainGroup = 23F53D10254620980060AE79;
			productRefGroup = 23F53D1A254620980060AE79 /* Products */;
			projectDirPath = "";
			projectRoot = "";
			targets = (
				23F53D18254620980060AE79 /* DSFSearchField Demo */,
			);
		};
/* End PBXProject section */

/* Begin PBXResourcesBuildPhase section */
		23F53D17254620980060AE79 /* Resources */ = {
			isa = PBXResourcesBuildPhase;
			buildActionMask = 2147483647;
			files = (
				23F53D21254620980060AE79 /* Assets.xcassets in Resources */,
				23F53D24254620980060AE79 /* Main.storyboard in Resources */,
			);
			runOnlyForDeploymentPostprocessing = 0;
		};
/* End PBXResourcesBuildPhase section */

/* Begin PBXSourcesBuildPhase section */
		23F53D15254620980060AE79 /* Sources */ = {
			isa = PBXSourcesBuildPhase;
			buildActionMask = 2147483647;
			files = (
				23F53D1F254620980060AE79 /* ViewController.swift in Sources */,
				23F53D1D254620980060AE79 /* AppDelegate.swift in Sources */,
			);
			runOnlyForDeploymentPostprocessing = 0;
		};
/* End PBXSourcesBuildPhase section */

/* Begin PBXTargetDependency section */
		23F53D30254620C50060AE79 /* PBXTargetDependency */ = {
			isa = PBXTargetDependency;
			productRef = 23F53D2F254620C50060AE79 /* DSFSearchField */;
		};
/* End PBXTargetDependency section */

/* Begin PBXVariantGroup section */
		23F53D22254620980060AE79 /* Main.storyboard */ = {
			isa = PBXVariantGroup;
			children = (
				23F53D23254620980060AE79 /* Base */,
			);
			name = Main.storyboard;
			sourceTree = "<group>";
		};
/* End PBXVariantGroup section */

/* Begin XCBuildConfiguration section */
		23F53D27254620980060AE79 /* Debug */ = {
			isa = XCBuildConfiguration;
			buildSettings = {
				ALWAYS_SEARCH_USER_PATHS = NO;
				CLANG_ANALYZER_NONNULL = YES;
				CLANG_ANALYZER_NUMBER_OBJECT_CONVERSION = YES_AGGRESSIVE;
				CLANG_CXX_LANGUAGE_STANDARD = "gnu++14";
				CLANG_CXX_LIBRARY = "libc++";
				CLANG_ENABLE_MODULES = YES;
				CLANG_ENABLE_OBJC_ARC = YES;
				CLANG_ENABLE_OBJC_WEAK = YES;
				CLANG_WARN_BLOCK_CAPTURE_AUTORELEASING = YES;
				CLANG_WARN_BOOL_CONVERSION = YES;
				CLANG_WARN_COMMA = YES;
				CLANG_WARN_CONSTANT_CONVERSION = YES;
				CLANG_WARN_DEPRECATED_OBJC_IMPLEMENTATIONS = YES;
				CLANG_WARN_DIRECT_OBJC_ISA_USAGE = YES_ERROR;
				CLANG_WARN_DOCUMENTATION_COMMENTS = YES;
				CLANG_WARN_EMPTY_BODY = YES;
				CLANG_WARN_ENUM_CONVERSION = YES;
				CLANG_WARN_INFINITE_RECURSION = YES;
				CLANG_WARN_INT_CONVERSION = YES;
				CLANG_WARN_NON_LITERAL_NULL_CONVERSION = YES;
				CLANG_WARN_OBJC_IMPLICIT_RETAIN_SELF = YES;
				CLANG_WARN_OBJC_LITERAL_CONVERSION = YES;
				CLANG_WARN_OBJC_ROOT_CLASS = YES_ERROR;
				CLANG_WARN_QUOTED_INCLUDE_IN_FRAMEWORK_HEADER = YES;
				CLANG_WARN_RANGE_LOOP_ANALYSIS = YES;
				CLANG_WARN_STRICT_PROTOTYPES = YES;
				CLANG_WARN_SUSPICIOUS_MOVE = YES;
				CLANG_WARN_UNGUARDED_AVAILABILITY = YES_AGGRESSIVE;
				CLANG_WARN_UNREACHABLE_CODE = YES;
				CLANG_WARN__DUPLICATE_METHOD_MATCH = YES;
				COPY_PHASE_STRIP = NO;
				DEBUG_INFORMATION_FORMAT = dwarf;
				ENABLE_STRICT_OBJC_MSGSEND = YES;
				ENABLE_TESTABILITY = YES;
				GCC_C_LANGUAGE_STANDARD = gnu11;
				GCC_DYNAMIC_NO_PIC = NO;
				GCC_NO_COMMON_BLOCKS = YES;
				GCC_OPTIMIZATION_LEVEL = 0;
				GCC_PREPROCESSOR_DEFINITIONS = (
					"DEBUG=1",
					"$(inherited)",
				);
				GCC_WARN_64_TO_32_BIT_CONVERSION = YES;
				GCC_WARN_ABOUT_RETURN_TYPE = YES_ERROR;
				GCC_WARN_UNDECLARED_SELECTOR = YES;
				GCC_WARN_UNINITIALIZED_AUTOS = YES_AGGRESSIVE;
				GCC_WARN_UNUSED_FUNCTION = YES;
				GCC_WARN_UNUSED_VARIABLE = YES;
				MACOSX_DEPLOYMENT_TARGET = 10.11;
				MTL_ENABLE_DEBUG_INFO = INCLUDE_SOURCE;
				MTL_FAST_MATH = YES;
				ONLY_ACTIVE_ARCH = YES;
				SDKROOT = macosx;
				SWIFT_ACTIVE_COMPILATION_CONDITIONS = DEBUG;
				SWIFT_OPTIMIZATION_LEVEL = "-Onone";
			};
			name = Debug;
		};
		23F53D28254620980060AE79 /* Release */ = {
			isa = XCBuildConfiguration;
			buildSettings = {
				ALWAYS_SEARCH_USER_PATHS = NO;
				CLANG_ANALYZER_NONNULL = YES;
				CLANG_ANALYZER_NUMBER_OBJECT_CONVERSION = YES_AGGRESSIVE;
				CLANG_CXX_LANGUAGE_STANDARD = "gnu++14";
				CLANG_CXX_LIBRARY = "libc++";
				CLANG_ENABLE_MODULES = YES;
				CLANG_ENABLE_OBJC_ARC = YES;
				CLANG_ENABLE_OBJC_WEAK = YES;
				CLANG_WARN_BLOCK_CAPTURE_AUTORELEASING = YES;
				CLANG_WARN_BOOL_CONVERSION = YES;
				CLANG_WARN_COMMA = YES;
				CLANG_WARN_CONSTANT_CONVERSION = YES;
				CLANG_WARN_DEPRECATED_OBJC_IMPLEMENTATIONS = YES;
				CLANG_WARN_DIRECT_OBJC_ISA_USAGE = YES_ERROR;
				CLANG_WARN_DOCUMENTATION_COMMENTS = YES;
				CLANG_WARN_EMPTY_BODY = YES;
				CLANG_WARN_ENUM_CONVERSION = YES;
				CLANG_WARN_INFINITE_RECURSION = YES;
				CLANG_WARN_INT_CONVERSION = YES;
				CLANG_WARN_NON_LITERAL_NULL_CONVERSION = YES;
				CLANG_WARN_OBJC_IMPLICIT_RETAIN_SELF = YES;
				CLANG_WARN_OBJC_LITERAL_CONVERSION = YES;
				CLANG_WARN_OBJC_ROOT_CLASS = YES_ERROR;
				CLANG_WARN_QUOTED_INCLUDE_IN_FRAMEWORK_HEADER = YES;
				CLANG_WARN_RANGE_LOOP_ANALYSIS = YES;
				CLANG_WARN_STRICT_PROTOTYPES = YES;
				CLANG_WARN_SUSPICIOUS_MOVE = YES;
				CLANG_WARN_UNGUARDED_AVAILABILITY = YES_AGGRESSIVE;
				CLANG_WARN_UNREACHABLE_CODE = YES;
				CLANG_WARN__DUPLICATE_METHOD_MATCH = YES;
				COPY_PHASE_STRIP = NO;
				DEBUG_INFORMATION_FORMAT = "dwarf-with-dsym";
				ENABLE_NS_ASSERTIONS = NO;
				ENABLE_STRICT_OBJC_MSGSEND = YES;
				GCC_C_LANGUAGE_STANDARD = gnu11;
				GCC_NO_COMMON_BLOCKS = YES;
				GCC_WARN_64_TO_32_BIT_CONVERSION = YES;
				GCC_WARN_ABOUT_RETURN_TYPE = YES_ERROR;
				GCC_WARN_UNDECLARED_SELECTOR = YES;
				GCC_WARN_UNINITIALIZED_AUTOS = YES_AGGRESSIVE;
				GCC_WARN_UNUSED_FUNCTION = YES;
				GCC_WARN_UNUSED_VARIABLE = YES;
				MACOSX_DEPLOYMENT_TARGET = 10.11;
				MTL_ENABLE_DEBUG_INFO = NO;
				MTL_FAST_MATH = YES;
				SDKROOT = macosx;
				SWIFT_COMPILATION_MODE = wholemodule;
				SWIFT_OPTIMIZATION_LEVEL = "-O";
			};
			name = Release;
		};
		23F53D2A254620980060AE79 /* Debug */ = {
			isa = XCBuildConfiguration;
			buildSettings = {
				ASSETCATALOG_COMPILER_APPICON_NAME = AppIcon;
				ASSETCATALOG_COMPILER_GLOBAL_ACCENT_COLOR_NAME = AccentColor;
				CODE_SIGN_ENTITLEMENTS = "DSFSearchField Demo/DSFSearchField_Demo.entitlements";
				CODE_SIGN_STYLE = Automatic;
				COMBINE_HIDPI_IMAGES = YES;
				DEVELOPMENT_TEAM = 3L6RK3LGGW;
				ENABLE_HARDENED_RUNTIME = YES;
				INFOPLIST_FILE = "DSFSearchField Demo/Info.plist";
				LD_RUNPATH_SEARCH_PATHS = (
					"$(inherited)",
					"@executable_path/../Frameworks",
				);
				PRODUCT_BUNDLE_IDENTIFIER = "com.darrenford.DSFSearchField-Demo";
				PRODUCT_NAME = "$(TARGET_NAME)";
				SWIFT_VERSION = 5.0;
			};
			name = Debug;
		};
		23F53D2B254620980060AE79 /* Release */ = {
			isa = XCBuildConfiguration;
			buildSettings = {
				ASSETCATALOG_COMPILER_APPICON_NAME = AppIcon;
				ASSETCATALOG_COMPILER_GLOBAL_ACCENT_COLOR_NAME = AccentColor;
				CODE_SIGN_ENTITLEMENTS = "DSFSearchField Demo/DSFSearchField_Demo.entitlements";
				CODE_SIGN_STYLE = Automatic;
				COMBINE_HIDPI_IMAGES = YES;
				DEVELOPMENT_TEAM = 3L6RK3LGGW;
				ENABLE_HARDENED_RUNTIME = YES;
				INFOPLIST_FILE = "DSFSearchField Demo/Info.plist";
				LD_RUNPATH_SEARCH_PATHS = (
					"$(inherited)",
					"@executable_path/../Frameworks",
				);
				PRODUCT_BUNDLE_IDENTIFIER = "com.darrenford.DSFSearchField-Demo";
				PRODUCT_NAME = "$(TARGET_NAME)";
				SWIFT_VERSION = 5.0;
			};
			name = Release;
		};
/* End XCBuildConfiguration section */

/* Begin XCConfigurationList section */
		23F53D14254620980060AE79 /* Build configuration list for PBXProject "DSFSearchField Demo" */ = {
			isa = XCConfigurationList;
			buildConfigurations = (
				23F53D27254620980060AE79 /* Debug */,
				23F53D28254620980060AE79 /* Release */,
			);
			defaultConfigurationIsVisible = 0;
			defaultConfigurationName = Release;
		};
		23F53D29254620980060AE79 /* Build configuration list for PBXNativeTarget "DSFSearchField Demo" */ = {
			isa = XCConfigurationList;
			buildConfigurations = (
				23F53D2A254620980060AE79 /* Debug */,
				23F53D2B254620980060AE79 /* Release */,
			);
			defaultConfigurationIsVisible = 0;
			defaultConfigurationName = Release;
		};
/* End XCConfigurationList section */

/* Begin XCSwiftPackageProductDependency section */
		23F53D2F254620C50060AE79 /* DSFSearchField */ = {
			isa = XCSwiftPackageProductDependency;
			productName = DSFSearchField;
		};
		23F53D32254620CB0060AE79 /* DSFSearchField */ = {
			isa = XCSwiftPackageProductDependency;
			productName = DSFSearchField;
		};
/* End XCSwiftPackageProductDependency section */
	};
	rootObject = 23F53D11254620980060AE79 /* Project object */;
}
